
Microsoft Visual Studio Solution File, Format Version 12.00
# Visual Studio 15
Project("{FAE04EC0-301F-11D3-BF4B-00C04F79EFBC}") = "Assembly-CSharp", "Assembly-CSharp.csproj", "{A96C12EA-8C26-9B31-AFBE-957FAB120086}"
EndProject
Project("{FAE04EC0-301F-11D3-BF4B-00C04F79EFBC}") = "Assembly-CSharp-firstpass", "Assembly-CSharp-firstpass.csproj", "{541FDE44-A45D-ACD2-3B10-E2FF04CCEFDE}"
EndProject
Project("{FAE04EC0-301F-11D3-BF4B-00C04F79EFBC}") = "Assembly-CSharp-Editor", "Assembly-CSharp-Editor.csproj", "{BFBFB723-A9C9-4D1E-E919-8B686C98BB97}"
EndProject
Global
	GlobalSection(SolutionConfigurationPlatforms) = preSolution
		Debug|Any CPU = Debug|Any CPU
		Release|Any CPU = Release|Any CPU
	EndGlobalSection
	GlobalSection(ProjectConfigurationPlatforms) = postSolution
		{A96C12EA-8C26-9B31-AFBE-957FAB120086}.Debug|Any CPU.ActiveCfg = Debug|Any CPU
		{A96C12EA-8C26-9B31-AFBE-957FAB120086}.Debug|Any CPU.Build.0 = Debug|Any CPU
		{A96C12EA-8C26-9B31-AFBE-957FAB120086}.Release|Any CPU.ActiveCfg = Release|Any CPU
		{A96C12EA-8C26-9B31-AFBE-957FAB120086}.Release|Any CPU.Build.0 = Release|Any CPU
		{541FDE44-A45D-ACD2-3B10-E2FF04CCEFDE}.Debug|Any CPU.ActiveCfg = Debug|Any CPU
		{541FDE44-A45D-ACD2-3B10-E2FF04CCEFDE}.Debug|Any CPU.Build.0 = Debug|Any CPU
		{541FDE44-A45D-ACD2-3B10-E2FF04CCEFDE}.Release|Any CPU.ActiveCfg = Release|Any CPU
		{541FDE44-A45D-ACD2-3B10-E2FF04CCEFDE}.Release|Any CPU.Build.0 = Release|Any CPU
		{BFBFB723-A9C9-4D1E-E919-8B686C98BB97}.Debug|Any CPU.ActiveCfg = Debug|Any CPU
		{BFBFB723-A9C9-4D1E-E919-8B686C98BB97}.Debug|Any CPU.Build.0 = Debug|Any CPU
		{BFBFB723-A9C9-4D1E-E919-8B686C98BB97}.Release|Any CPU.ActiveCfg = Release|Any CPU
		{BFBFB723-A9C9-4D1E-E919-8B686C98BB97}.Release|Any CPU.Build.0 = Release|Any CPU
	EndGlobalSection
	GlobalSection(SolutionProperties) = preSolution
		HideSolutionNode = FALSE
	EndGlobalSection
EndGlobal
