
Microsoft Visual Studio Solution File, Format Version 12.00
# Visual Studio 15
Project("{FAE04EC0-301F-11D3-BF4B-00C04F79EFBC}") = "Pong Master", "Assembly-CSharp.csproj", "{00A58893-0F1A-2692-1647-173483D22FCD}"
EndProject
Project("{FAE04EC0-301F-11D3-BF4B-00C04F79EFBC}") = "Pong Master", "Assembly-CSharp-Editor.csproj", "{B86A36CA-FEB9-DA48-B4AA-0BA4C6A13F98}"
EndProject
Global
	GlobalSection(SolutionConfigurationPlatforms) = preSolution
		Debug|Any CPU = Debug|Any CPU
		Release|Any CPU = Release|Any CPU
	EndGlobalSection
	GlobalSection(ProjectConfigurationPlatforms) = postSolution
		{00A58893-0F1A-2692-1647-173483D22FCD}.Debug|Any CPU.ActiveCfg = Debug|Any CPU
		{00A58893-0F1A-2692-1647-173483D22FCD}.Debug|Any CPU.Build.0 = Debug|Any CPU
		{00A58893-0F1A-2692-1647-173483D22FCD}.Release|Any CPU.ActiveCfg = Release|Any CPU
		{00A58893-0F1A-2692-1647-173483D22FCD}.Release|Any CPU.Build.0 = Release|Any CPU
		{B86A36CA-FEB9-DA48-B4AA-0BA4C6A13F98}.Debug|Any CPU.ActiveCfg = Debug|Any CPU
		{B86A36CA-FEB9-DA48-B4AA-0BA4C6A13F98}.Debug|Any CPU.Build.0 = Debug|Any CPU
		{B86A36CA-FEB9-DA48-B4AA-0BA4C6A13F98}.Release|Any CPU.ActiveCfg = Release|Any CPU
		{B86A36CA-FEB9-DA48-B4AA-0BA4C6A13F98}.Release|Any CPU.Build.0 = Release|Any CPU
	EndGlobalSection
	GlobalSection(SolutionProperties) = preSolution
		HideSolutionNode = FALSE
	EndGlobalSection
EndGlobal
